
Microsoft Visual Studio Solution File, Format Version 12.00
# Visual Studio 15
VisualStudioVersion = 15.0.27130.2027
MinimumVisualStudioVersion = 10.0.40219.1
Project("{FAE04EC0-301F-11D3-BF4B-00C04F79EFBC}") = "les2voorbeeld2-2018_02-19", "les2voorbeeld2-2018_02-19\les2voorbeeld2-2018_02-19.csproj", "{9BE8277C-3225-470B-ADAE-5255ADF5CC31}"
EndProject
Global
	GlobalSection(SolutionConfigurationPlatforms) = preSolution
		Debug|Any CPU = Debug|Any CPU
		Release|Any CPU = Release|Any CPU
	EndGlobalSection
	GlobalSection(ProjectConfigurationPlatforms) = postSolution
		{9BE8277C-3225-470B-ADAE-5255ADF5CC31}.Debug|Any CPU.ActiveCfg = Debug|Any CPU
		{9BE8277C-3225-470B-ADAE-5255ADF5CC31}.Debug|Any CPU.Build.0 = Debug|Any CPU
		{9BE8277C-3225-470B-ADAE-5255ADF5CC31}.Release|Any CPU.ActiveCfg = Release|Any CPU
		{9BE8277C-3225-470B-ADAE-5255ADF5CC31}.Release|Any CPU.Build.0 = Release|Any CPU
	EndGlobalSection
	GlobalSection(SolutionProperties) = preSolution
		HideSolutionNode = FALSE
	EndGlobalSection
	GlobalSection(ExtensibilityGlobals) = postSolution
		SolutionGuid = {FC07519B-7887-4B1E-9D47-899919D95DD5}
	EndGlobalSection
EndGlobal
